
Microsoft Visual Studio Solution File, Format Version 12.00
# Visual Studio Version 17
VisualStudioVersion = 17.11.35312.102
MinimumVisualStudioVersion = 10.0.40219.1
Project("{9A19103F-16F7-4668-BE54-9A1E7A4F7556}") = "LocationMVC", "LocationMVC\LocationMVC.csproj", "{C18D2012-46DC-49E8-87CD-33309381D462}"
EndProject
Global
	GlobalSection(SolutionConfigurationPlatforms) = preSolution
		Debug|Any CPU = Debug|Any CPU
		Release|Any CPU = Release|Any CPU
	EndGlobalSection
	GlobalSection(ProjectConfigurationPlatforms) = postSolution
		{C18D2012-46DC-49E8-87CD-33309381D462}.Debug|Any CPU.ActiveCfg = Debug|Any CPU
		{C18D2012-46DC-49E8-87CD-33309381D462}.Debug|Any CPU.Build.0 = Debug|Any CPU
		{C18D2012-46DC-49E8-87CD-33309381D462}.Release|Any CPU.ActiveCfg = Release|Any CPU
		{C18D2012-46DC-49E8-87CD-33309381D462}.Release|Any CPU.Build.0 = Release|Any CPU
	EndGlobalSection
	GlobalSection(SolutionProperties) = preSolution
		HideSolutionNode = FALSE
	EndGlobalSection
	GlobalSection(ExtensibilityGlobals) = postSolution
		SolutionGuid = {1B4A0E82-A81E-4A51-A8B7-0105250D3616}
	EndGlobalSection
EndGlobal
